
Microsoft Visual Studio Solution File, Format Version 12.00
# Visual Studio 14
VisualStudioVersion = 14.0.25420.1
MinimumVisualStudioVersion = 10.0.40219.1
Project("{FAE04EC0-301F-11D3-BF4B-00C04F79EFBC}") = "UnitTests", "UnitTests\UnitTests.csproj", "{EB15057E-C609-4203-8969-212EEDF34EF5}"
EndProject
Project("{FAE04EC0-301F-11D3-BF4B-00C04F79EFBC}") = "GZipLib", "GZipLib\GZipLib.csproj", "{EBA79B61-73E6-47F9-A9BB-11D45828E4CA}"
EndProject
Global
	GlobalSection(SolutionConfigurationPlatforms) = preSolution
		Debug|Any CPU = Debug|Any CPU
		Release|Any CPU = Release|Any CPU
	EndGlobalSection
	GlobalSection(ProjectConfigurationPlatforms) = postSolution
		{EB15057E-C609-4203-8969-212EEDF34EF5}.Debug|Any CPU.ActiveCfg = Debug|Any CPU
		{EB15057E-C609-4203-8969-212EEDF34EF5}.Debug|Any CPU.Build.0 = Debug|Any CPU
		{EB15057E-C609-4203-8969-212EEDF34EF5}.Release|Any CPU.ActiveCfg = Release|Any CPU
		{EB15057E-C609-4203-8969-212EEDF34EF5}.Release|Any CPU.Build.0 = Release|Any CPU
		{EBA79B61-73E6-47F9-A9BB-11D45828E4CA}.Debug|Any CPU.ActiveCfg = Debug|Any CPU
		{EBA79B61-73E6-47F9-A9BB-11D45828E4CA}.Debug|Any CPU.Build.0 = Debug|Any CPU
		{EBA79B61-73E6-47F9-A9BB-11D45828E4CA}.Release|Any CPU.ActiveCfg = Release|Any CPU
		{EBA79B61-73E6-47F9-A9BB-11D45828E4CA}.Release|Any CPU.Build.0 = Release|Any CPU
	EndGlobalSection
	GlobalSection(SolutionProperties) = preSolution
		HideSolutionNode = FALSE
	EndGlobalSection
EndGlobal
